PODS:
  - BFGallery (0.1.5):
    - BFGallery/json (= 0.1.5)
  - BFGallery/json (0.1.5)
  - Nimble (7.3.1)
  - Quick (1.3.2)
  - Starscream (3.0.6)
  - Theater (0.9):
    - Starscream (~> 3.0.6)

DEPENDENCIES:
  - BFGallery (from `https://github.com/darioalessandro/BlackFireGallery.git`, tag `0.1.5`)
  - Nimble (= 7.3.1)
  - Quick (~> 1.3.2)
  - Starscream (~> 3.0.6)
  - "Theater (from `git@github.com:darioalessandro/Theater.git`, branch `fix-visibility`)"

SPEC REPOS:
  https://github.com/cocoapods/specs.git:
    - Nimble
    - Quick
    - Starscream

EXTERNAL SOURCES:
  BFGallery:
    :git: https://github.com/darioalessandro/BlackFireGallery.git
    :tag: 0.1.5
  Theater:
    :branch: fix-visibility
    :git: "git@github.com:darioalessandro/Theater.git"

CHECKOUT OPTIONS:
  BFGallery:
    :git: https://github.com/darioalessandro/BlackFireGallery.git
    :tag: 0.1.5
  Theater:
    :commit: 8b922a1204f7dfc6e3e522ce034c17da2b8263c3
    :git: "git@github.com:darioalessandro/Theater.git"

SPEC CHECKSUMS:
  BFGallery: 32104cd088b30482c4fadb5386bfd953115fafa9
  Nimble: 04f732da099ea4d153122aec8c2a88fd0c7219ae
  Quick: 2623cb30d7a7f41ca62f684f679586558f483d46
  Starscream: ef3ece99d765eeccb67de105bfa143f929026cf5
  Theater: 7e2a6b3edcb88ce0f302424cf5b9e035519143b0

PODFILE CHECKSUM: e108a0abf72528cea375757075fc053a9d6470fe

COCOAPODS: 1.5.3
