PODS:
  - BFGallery (0.1.5):
    - BFGallery/json (= 0.1.5)
  - BFGallery/json (0.1.5)
  - Nimble (7.3.1)
  - Quick (1.3.2)
  - Starscream (3.0.6)
  - SwiftProtobuf (1.3.1)
  - Theater (0.9.1):
    - Starscream (~> 3.0.6)

DEPENDENCIES:
  - BFGallery (from `https://github.com/darioalessandro/BlackFireGallery.git`, tag `0.1.5`)
  - Nimble (= 7.3.1)
  - Quick (~> 1.3.2)
  - Starscream (~> 3.0.6)
  - SwiftProtobuf (~> 1.0)
  - Theater (~> 0.9.1)

SPEC REPOS:
  https://github.com/cocoapods/specs.git:
    - Nimble
    - Quick
    - Starscream
    - SwiftProtobuf
    - Theater

EXTERNAL SOURCES:
  BFGallery:
    :git: https://github.com/darioalessandro/BlackFireGallery.git
    :tag: 0.1.5

CHECKOUT OPTIONS:
  BFGallery:
    :git: https://github.com/darioalessandro/BlackFireGallery.git
    :tag: 0.1.5

SPEC CHECKSUMS:
  BFGallery: 32104cd088b30482c4fadb5386bfd953115fafa9
  Nimble: 04f732da099ea4d153122aec8c2a88fd0c7219ae
  Quick: 2623cb30d7a7f41ca62f684f679586558f483d46
  Starscream: ef3ece99d765eeccb67de105bfa143f929026cf5
  SwiftProtobuf: 84cd6b8f4fd2fc3d9fbd80a0aaf2e957d52824ec
  Theater: e5f67d3550b1be65ab5642ec3b9c253de96b57db

PODFILE CHECKSUM: b5615d56b685b24c0f8837fa2f68c0687921b46c

COCOAPODS: 1.5.3
